
Microsoft Visual Studio Solution File, Format Version 11.00
# Visual Studio 2010
Project("{FAE04EC0-301F-11D3-BF4B-00C04F79EFBC}") = "Assembly-CSharp", "Assembly-CSharp.csproj", "{753e6926-c2c1-b3dd-a358-dc4379a88d41}"
EndProject
Project("{FAE04EC0-301F-11D3-BF4B-00C04F79EFBC}") = "PhotonUnityNetworking.Demos", "PhotonUnityNetworking.Demos.csproj", "{87632755-179b-465b-d3ab-728bf58f6af6}"
EndProject
Project("{FAE04EC0-301F-11D3-BF4B-00C04F79EFBC}") = "PhotonRealtime", "PhotonRealtime.csproj", "{0882a042-00be-1d8f-e76c-948215ec4e8f}"
EndProject
Project("{FAE04EC0-301F-11D3-BF4B-00C04F79EFBC}") = "PhotonUnityNetworking", "PhotonUnityNetworking.csproj", "{6a1f9ad3-f3ed-a91a-c517-b1a5b216a36b}"
EndProject
Project("{FAE04EC0-301F-11D3-BF4B-00C04F79EFBC}") = "PhotonUnityNetworking.Utilities", "PhotonUnityNetworking.Utilities.csproj", "{a1ff09d8-6de4-945f-30da-8eda2e619c09}"
EndProject
Project("{FAE04EC0-301F-11D3-BF4B-00C04F79EFBC}") = "PhotonChat", "PhotonChat.csproj", "{bff492f3-fb31-21b6-7f56-2b3d395e4537}"
EndProject
Project("{FAE04EC0-301F-11D3-BF4B-00C04F79EFBC}") = "PhotonUnityNetworking.Editor", "PhotonUnityNetworking.Editor.csproj", "{6fdc00aa-c53c-7064-7ddc-3072b248eb9e}"
EndProject
Project("{FAE04EC0-301F-11D3-BF4B-00C04F79EFBC}") = "Assembly-CSharp-Editor", "Assembly-CSharp-Editor.csproj", "{bf2a2d32-1db5-b89d-5a19-61b9511b9933}"
EndProject
Project("{FAE04EC0-301F-11D3-BF4B-00C04F79EFBC}") = "PhotonUnityNetworking.Utilities.PhotonPlayer.Editor", "PhotonUnityNetworking.Utilities.PhotonPlayer.Editor.csproj", "{05e2c698-49b4-333d-8382-dfa432aabf60}"
EndProject
Project("{FAE04EC0-301F-11D3-BF4B-00C04F79EFBC}") = "PunDemos.DemoSlotcarEditor", "PunDemos.DemoSlotcarEditor.csproj", "{1814c99e-e699-e719-2434-1cadd777a20d}"
EndProject
Project("{FAE04EC0-301F-11D3-BF4B-00C04F79EFBC}") = "PhotonUnityNetworking.Utilities.Culling.Editor", "PhotonUnityNetworking.Utilities.Culling.Editor.csproj", "{030e328c-9f6c-2be6-a42f-b91a2e6d3ce1}"
EndProject
Project("{FAE04EC0-301F-11D3-BF4B-00C04F79EFBC}") = "PunDemos.DemoHubEditor", "PunDemos.DemoHubEditor.csproj", "{c0d403ee-65fe-de04-2605-7ae788b0b762}"
EndProject
Global
	GlobalSection(SolutionConfigurationPlatforms) = preSolution
		Debug|Any CPU = Debug|Any CPU
	EndGlobalSection
	GlobalSection(ProjectConfigurationPlatforms) = postSolution
		{753e6926-c2c1-b3dd-a358-dc4379a88d41}.Debug|Any CPU.ActiveCfg = Debug|Any CPU
		{753e6926-c2c1-b3dd-a358-dc4379a88d41}.Debug|Any CPU.Build.0 = Debug|Any CPU
		{87632755-179b-465b-d3ab-728bf58f6af6}.Debug|Any CPU.ActiveCfg = Debug|Any CPU
		{87632755-179b-465b-d3ab-728bf58f6af6}.Debug|Any CPU.Build.0 = Debug|Any CPU
		{0882a042-00be-1d8f-e76c-948215ec4e8f}.Debug|Any CPU.ActiveCfg = Debug|Any CPU
		{0882a042-00be-1d8f-e76c-948215ec4e8f}.Debug|Any CPU.Build.0 = Debug|Any CPU
		{6a1f9ad3-f3ed-a91a-c517-b1a5b216a36b}.Debug|Any CPU.ActiveCfg = Debug|Any CPU
		{6a1f9ad3-f3ed-a91a-c517-b1a5b216a36b}.Debug|Any CPU.Build.0 = Debug|Any CPU
		{a1ff09d8-6de4-945f-30da-8eda2e619c09}.Debug|Any CPU.ActiveCfg = Debug|Any CPU
		{a1ff09d8-6de4-945f-30da-8eda2e619c09}.Debug|Any CPU.Build.0 = Debug|Any CPU
		{bff492f3-fb31-21b6-7f56-2b3d395e4537}.Debug|Any CPU.ActiveCfg = Debug|Any CPU
		{bff492f3-fb31-21b6-7f56-2b3d395e4537}.Debug|Any CPU.Build.0 = Debug|Any CPU
		{6fdc00aa-c53c-7064-7ddc-3072b248eb9e}.Debug|Any CPU.ActiveCfg = Debug|Any CPU
		{6fdc00aa-c53c-7064-7ddc-3072b248eb9e}.Debug|Any CPU.Build.0 = Debug|Any CPU
		{bf2a2d32-1db5-b89d-5a19-61b9511b9933}.Debug|Any CPU.ActiveCfg = Debug|Any CPU
		{bf2a2d32-1db5-b89d-5a19-61b9511b9933}.Debug|Any CPU.Build.0 = Debug|Any CPU
		{05e2c698-49b4-333d-8382-dfa432aabf60}.Debug|Any CPU.ActiveCfg = Debug|Any CPU
		{05e2c698-49b4-333d-8382-dfa432aabf60}.Debug|Any CPU.Build.0 = Debug|Any CPU
		{1814c99e-e699-e719-2434-1cadd777a20d}.Debug|Any CPU.ActiveCfg = Debug|Any CPU
		{1814c99e-e699-e719-2434-1cadd777a20d}.Debug|Any CPU.Build.0 = Debug|Any CPU
		{030e328c-9f6c-2be6-a42f-b91a2e6d3ce1}.Debug|Any CPU.ActiveCfg = Debug|Any CPU
		{030e328c-9f6c-2be6-a42f-b91a2e6d3ce1}.Debug|Any CPU.Build.0 = Debug|Any CPU
		{c0d403ee-65fe-de04-2605-7ae788b0b762}.Debug|Any CPU.ActiveCfg = Debug|Any CPU
		{c0d403ee-65fe-de04-2605-7ae788b0b762}.Debug|Any CPU.Build.0 = Debug|Any CPU
	EndGlobalSection
	GlobalSection(SolutionProperties) = preSolution
		HideSolutionNode = FALSE
	EndGlobalSection
EndGlobal
